
Microsoft Visual Studio Solution File, Format Version 12.00
# Visual Studio 15
VisualStudioVersion = 15.0.27004.2010
MinimumVisualStudioVersion = 10.0.40219.1
Project("{8BC9CEB8-8B4A-11D0-8D11-00A0C91BC942}") = "GP_DE", "GP_DE\GP_DE.vcxproj", "{95841BBD-E21B-40E5-BB23-D2C9F3936E6C}"
EndProject
Global
	GlobalSection(SolutionConfigurationPlatforms) = preSolution
		Debug|x64 = Debug|x64
		Debug|x86 = Debug|x86
		Release|x64 = Release|x64
		Release|x86 = Release|x86
	EndGlobalSection
	GlobalSection(ProjectConfigurationPlatforms) = postSolution
		{95841BBD-E21B-40E5-BB23-D2C9F3936E6C}.Debug|x64.ActiveCfg = Debug|x64
		{95841BBD-E21B-40E5-BB23-D2C9F3936E6C}.Debug|x64.Build.0 = Debug|x64
		{95841BBD-E21B-40E5-BB23-D2C9F3936E6C}.Debug|x86.ActiveCfg = Debug|Win32
		{95841BBD-E21B-40E5-BB23-D2C9F3936E6C}.Debug|x86.Build.0 = Debug|Win32
		{95841BBD-E21B-40E5-BB23-D2C9F3936E6C}.Release|x64.ActiveCfg = Release|x64
		{95841BBD-E21B-40E5-BB23-D2C9F3936E6C}.Release|x64.Build.0 = Release|x64
		{95841BBD-E21B-40E5-BB23-D2C9F3936E6C}.Release|x86.ActiveCfg = Release|Win32
		{95841BBD-E21B-40E5-BB23-D2C9F3936E6C}.Release|x86.Build.0 = Release|Win32
	EndGlobalSection
	GlobalSection(SolutionProperties) = preSolution
		HideSolutionNode = FALSE
	EndGlobalSection
	GlobalSection(ExtensibilityGlobals) = postSolution
		SolutionGuid = {884370F2-2DF6-4D44-AD79-65CCD8068FB3}
	EndGlobalSection
EndGlobal
